
Microsoft Visual Studio Solution File, Format Version 12.00
# Visual Studio Version 17
VisualStudioVersion = 17.9.34622.214
MinimumVisualStudioVersion = 10.0.40219.1
Project("{9A19103F-16F7-4668-BE54-9A1E7A4F7556}") = "MDP.HybridLab", "MDP.HybridLab\MDP.HybridLab.csproj", "{F987EC1D-2A46-4B6A-9B68-108D35F9AAEE}"
EndProject
Project("{9A19103F-16F7-4668-BE54-9A1E7A4F7556}") = "MDP.HybridLab.WebApp", "MDP.HybridLab.WebApp\MDP.HybridLab.WebApp.csproj", "{E3C427A5-6F39-4B46-B12B-E88F80733A1E}"
EndProject
Project("{9A19103F-16F7-4668-BE54-9A1E7A4F7556}") = "MDP.HybridLab.HybridApp", "MDP.HybridLab.HybridApp\MDP.HybridLab.HybridApp.csproj", "{0EE2912C-21D9-4151-9515-A31288695348}"
EndProject
Project("{FAE04EC0-301F-11D3-BF4B-00C04F79EFBC}") = "MDP.HybridLab.Components", "MDP.HybridLab.Components\MDP.HybridLab.Components.csproj", "{A6A9CB70-D1B2-4035-BB76-7B652D26A4BF}"
EndProject
Global
	GlobalSection(SolutionConfigurationPlatforms) = preSolution
		Debug|Any CPU = Debug|Any CPU
		Release|Any CPU = Release|Any CPU
	EndGlobalSection
	GlobalSection(ProjectConfigurationPlatforms) = postSolution
		{F987EC1D-2A46-4B6A-9B68-108D35F9AAEE}.Debug|Any CPU.ActiveCfg = Debug|Any CPU
		{F987EC1D-2A46-4B6A-9B68-108D35F9AAEE}.Debug|Any CPU.Build.0 = Debug|Any CPU
		{F987EC1D-2A46-4B6A-9B68-108D35F9AAEE}.Release|Any CPU.ActiveCfg = Release|Any CPU
		{F987EC1D-2A46-4B6A-9B68-108D35F9AAEE}.Release|Any CPU.Build.0 = Release|Any CPU
		{E3C427A5-6F39-4B46-B12B-E88F80733A1E}.Debug|Any CPU.ActiveCfg = Debug|Any CPU
		{E3C427A5-6F39-4B46-B12B-E88F80733A1E}.Debug|Any CPU.Build.0 = Debug|Any CPU
		{E3C427A5-6F39-4B46-B12B-E88F80733A1E}.Release|Any CPU.ActiveCfg = Release|Any CPU
		{E3C427A5-6F39-4B46-B12B-E88F80733A1E}.Release|Any CPU.Build.0 = Release|Any CPU
		{0EE2912C-21D9-4151-9515-A31288695348}.Debug|Any CPU.ActiveCfg = Debug|Any CPU
		{0EE2912C-21D9-4151-9515-A31288695348}.Debug|Any CPU.Build.0 = Debug|Any CPU
		{0EE2912C-21D9-4151-9515-A31288695348}.Debug|Any CPU.Deploy.0 = Debug|Any CPU
		{0EE2912C-21D9-4151-9515-A31288695348}.Release|Any CPU.ActiveCfg = Release|Any CPU
		{0EE2912C-21D9-4151-9515-A31288695348}.Release|Any CPU.Build.0 = Release|Any CPU
		{0EE2912C-21D9-4151-9515-A31288695348}.Release|Any CPU.Deploy.0 = Release|Any CPU
		{A6A9CB70-D1B2-4035-BB76-7B652D26A4BF}.Debug|Any CPU.ActiveCfg = Debug|Any CPU
		{A6A9CB70-D1B2-4035-BB76-7B652D26A4BF}.Debug|Any CPU.Build.0 = Debug|Any CPU
		{A6A9CB70-D1B2-4035-BB76-7B652D26A4BF}.Release|Any CPU.ActiveCfg = Release|Any CPU
		{A6A9CB70-D1B2-4035-BB76-7B652D26A4BF}.Release|Any CPU.Build.0 = Release|Any CPU
	EndGlobalSection
	GlobalSection(SolutionProperties) = preSolution
		HideSolutionNode = FALSE
	EndGlobalSection
	GlobalSection(ExtensibilityGlobals) = postSolution
		SolutionGuid = {9E4C3520-B4FE-4D76-B15C-35806D8391EC}
	EndGlobalSection
EndGlobal
